lockfileVersion: 5.3

specifiers:
  '@iyowei/ls-dir': ^1.0.1
  '@iyowei/scan-dir-each': ^1.0.2

dependencies:
  '@iyowei/ls-dir': 1.0.1
  '@iyowei/scan-dir-each': 1.0.2

packages:

  /@iyowei/ls-dir/1.0.1:
    resolution: {integrity: sha512-z4Zy0Kya+bzn3+wS3oDZXuV2vuCGetDa22WICXsFD5luKN/uUxPgU3eXENQaGjbfL90RhPfbyWb07DHWFxop+A==}
    engines: {node: '>=12.20.0'}
    requiresBuild: true
    dev: false

  /@iyowei/scan-dir-each/1.0.2:
    resolution: {integrity: sha512-FcMbjSuS7vCr8K1d8HafSfuV/Ls9X9PmZ37JWzrjIBYBxzT5zYTjQUDCljPWMh7csaU3TmsBMY2GsCnYWQo+dg==}
    engines: {node: '>=12.20.0'}
    requiresBuild: true
    dependencies:
      async: 3.2.2
    dev: false

  /async/3.2.2:
    resolution: {integrity: sha1-LrdnEDS7IZTUXTDjHiTsfn+WcM0=, tarball: async/download/async-3.2.2.tgz}
    dev: false
