lockfileVersion: 5.3

specifiers:
  '@iyowei/ls-dir': ^1.0.0
  '@iyowei/scan-dir-each': ^1.0.1

dependencies:
  '@iyowei/ls-dir': 1.0.0
  '@iyowei/scan-dir-each': 1.0.1

packages:

  /@iyowei/ls-dir/1.0.0:
    resolution: {integrity: sha512-ZaXJcQpiZX/jE2Kfh+xCANwD4R4ov0JTWi7QfP5LzFuIQR2pWZ2JGWS+PpWmvyeMgFCHfSW+PNm/91xBvnGuDA==}
    engines: {node: '>=12.20.0'}
    requiresBuild: true
    dev: false

  /@iyowei/scan-dir-each/1.0.1:
    resolution: {integrity: sha512-Ez/w01Xg4C/FydQwXMVTRE6/NlIw1Pl3vPXUVqi8GxIGy9P0y9xjocReAWs2ERHXzKeI/H1TD04Tsz6H5nt+2A==}
    engines: {node: '>=12.20.0'}
    requiresBuild: true
    dependencies:
      async: 3.2.2
    dev: false

  /async/3.2.2:
    resolution: {integrity: sha1-LrdnEDS7IZTUXTDjHiTsfn+WcM0=, tarball: async/download/async-3.2.2.tgz}
    dev: false
